
Microsoft Visual Studio Solution File, Format Version 12.00
# Visual Studio Version 17
VisualStudioVersion = 17.7.34031.279
MinimumVisualStudioVersion = 10.0.40219.1
Project("{9A19103F-16F7-4668-BE54-9A1E7A4F7556}") = "SocialMedia", "SocialMedia\SocialMedia.csproj", "{54575B77-C2D4-41C1-8179-9B6DA19F5593}"
EndProject
Project("{9A19103F-16F7-4668-BE54-9A1E7A4F7556}") = "Service", "Service\Service.csproj", "{15E202E3-98D0-40A1-91DF-14803D50D8B4}"
EndProject
Project("{9A19103F-16F7-4668-BE54-9A1E7A4F7556}") = "Data", "Data\Data.csproj", "{A146D236-0416-40C9-804B-6DC156C9550A}"
EndProject
Project("{9A19103F-16F7-4668-BE54-9A1E7A4F7556}") = "Extensions", "Library\Extensions.csproj", "{AB5F2EEB-E01F-4C5E-B8EA-CE22686D4350}"
EndProject
Project("{2150E333-8FDC-42A3-9474-1A3956D46DE8}") = "Library", "Library", "{0E610D17-CE8B-4E9B-A1E6-F9E9B60593DD}"
EndProject
Project("{9A19103F-16F7-4668-BE54-9A1E7A4F7556}") = "Lazy.Captcha.Core", "Library\Lazy.Captcha.Core\Lazy.Captcha.Core.csproj", "{BF2472A1-3732-45D3-AD69-74F511206548}"
EndProject
Global
	GlobalSection(SolutionConfigurationPlatforms) = preSolution
		Debug|Any CPU = Debug|Any CPU
		Release|Any CPU = Release|Any CPU
	EndGlobalSection
	GlobalSection(ProjectConfigurationPlatforms) = postSolution
		{54575B77-C2D4-41C1-8179-9B6DA19F5593}.Debug|Any CPU.ActiveCfg = Debug|Any CPU
		{54575B77-C2D4-41C1-8179-9B6DA19F5593}.Debug|Any CPU.Build.0 = Debug|Any CPU
		{54575B77-C2D4-41C1-8179-9B6DA19F5593}.Release|Any CPU.ActiveCfg = Release|Any CPU
		{54575B77-C2D4-41C1-8179-9B6DA19F5593}.Release|Any CPU.Build.0 = Release|Any CPU
		{15E202E3-98D0-40A1-91DF-14803D50D8B4}.Debug|Any CPU.ActiveCfg = Debug|Any CPU
		{15E202E3-98D0-40A1-91DF-14803D50D8B4}.Debug|Any CPU.Build.0 = Debug|Any CPU
		{15E202E3-98D0-40A1-91DF-14803D50D8B4}.Release|Any CPU.ActiveCfg = Release|Any CPU
		{15E202E3-98D0-40A1-91DF-14803D50D8B4}.Release|Any CPU.Build.0 = Release|Any CPU
		{A146D236-0416-40C9-804B-6DC156C9550A}.Debug|Any CPU.ActiveCfg = Debug|Any CPU
		{A146D236-0416-40C9-804B-6DC156C9550A}.Debug|Any CPU.Build.0 = Debug|Any CPU
		{A146D236-0416-40C9-804B-6DC156C9550A}.Release|Any CPU.ActiveCfg = Release|Any CPU
		{A146D236-0416-40C9-804B-6DC156C9550A}.Release|Any CPU.Build.0 = Release|Any CPU
		{AB5F2EEB-E01F-4C5E-B8EA-CE22686D4350}.Debug|Any CPU.ActiveCfg = Debug|Any CPU
		{AB5F2EEB-E01F-4C5E-B8EA-CE22686D4350}.Debug|Any CPU.Build.0 = Debug|Any CPU
		{AB5F2EEB-E01F-4C5E-B8EA-CE22686D4350}.Release|Any CPU.ActiveCfg = Release|Any CPU
		{AB5F2EEB-E01F-4C5E-B8EA-CE22686D4350}.Release|Any CPU.Build.0 = Release|Any CPU
		{BF2472A1-3732-45D3-AD69-74F511206548}.Debug|Any CPU.ActiveCfg = Debug|Any CPU
		{BF2472A1-3732-45D3-AD69-74F511206548}.Debug|Any CPU.Build.0 = Debug|Any CPU
		{BF2472A1-3732-45D3-AD69-74F511206548}.Release|Any CPU.ActiveCfg = Release|Any CPU
		{BF2472A1-3732-45D3-AD69-74F511206548}.Release|Any CPU.Build.0 = Release|Any CPU
	EndGlobalSection
	GlobalSection(SolutionProperties) = preSolution
		HideSolutionNode = FALSE
	EndGlobalSection
	GlobalSection(NestedProjects) = preSolution
		{AB5F2EEB-E01F-4C5E-B8EA-CE22686D4350} = {0E610D17-CE8B-4E9B-A1E6-F9E9B60593DD}
		{BF2472A1-3732-45D3-AD69-74F511206548} = {0E610D17-CE8B-4E9B-A1E6-F9E9B60593DD}
	EndGlobalSection
	GlobalSection(ExtensibilityGlobals) = postSolution
		SolutionGuid = {778B1468-2AB2-4DBC-B674-AE59A4198828}
	EndGlobalSection
EndGlobal
